
Microsoft Visual Studio Solution File, Format Version 12.00
# Visual Studio Version 17
VisualStudioVersion = 17.11.35327.3
MinimumVisualStudioVersion = 10.0.40219.1
Project("{9A19103F-16F7-4668-BE54-9A1E7A4F7556}") = "SchoolSolution", "SchoolSolution.csproj", "{F7E96753-F2E9-4194-90A6-3B8EB127FDCE}"
EndProject
Project("{9A19103F-16F7-4668-BE54-9A1E7A4F7556}") = "School.Infrastructure", "..\School.Infrastructure\School.Infrastructure.csproj", "{4073D0B0-FC84-4D9A-A900-3815C8F28476}"
EndProject
Project("{9A19103F-16F7-4668-BE54-9A1E7A4F7556}") = "School.Application", "..\School.Application\School.Application.csproj", "{C6271FF7-D828-40AB-9AEE-11F2620CE366}"
EndProject
Project("{9A19103F-16F7-4668-BE54-9A1E7A4F7556}") = "School.Domain", "..\School.Domain\School.Domain.csproj", "{C1B03371-BFF3-4DDB-8BD7-C47CC3949EBD}"
EndProject
Global
	GlobalSection(SolutionConfigurationPlatforms) = preSolution
		Debug|Any CPU = Debug|Any CPU
		Release|Any CPU = Release|Any CPU
	EndGlobalSection
	GlobalSection(ProjectConfigurationPlatforms) = postSolution
		{F7E96753-F2E9-4194-90A6-3B8EB127FDCE}.Debug|Any CPU.ActiveCfg = Debug|Any CPU
		{F7E96753-F2E9-4194-90A6-3B8EB127FDCE}.Debug|Any CPU.Build.0 = Debug|Any CPU
		{F7E96753-F2E9-4194-90A6-3B8EB127FDCE}.Release|Any CPU.ActiveCfg = Release|Any CPU
		{F7E96753-F2E9-4194-90A6-3B8EB127FDCE}.Release|Any CPU.Build.0 = Release|Any CPU
		{4073D0B0-FC84-4D9A-A900-3815C8F28476}.Debug|Any CPU.ActiveCfg = Debug|Any CPU
		{4073D0B0-FC84-4D9A-A900-3815C8F28476}.Debug|Any CPU.Build.0 = Debug|Any CPU
		{4073D0B0-FC84-4D9A-A900-3815C8F28476}.Release|Any CPU.ActiveCfg = Release|Any CPU
		{4073D0B0-FC84-4D9A-A900-3815C8F28476}.Release|Any CPU.Build.0 = Release|Any CPU
		{C6271FF7-D828-40AB-9AEE-11F2620CE366}.Debug|Any CPU.ActiveCfg = Debug|Any CPU
		{C6271FF7-D828-40AB-9AEE-11F2620CE366}.Debug|Any CPU.Build.0 = Debug|Any CPU
		{C6271FF7-D828-40AB-9AEE-11F2620CE366}.Release|Any CPU.ActiveCfg = Release|Any CPU
		{C6271FF7-D828-40AB-9AEE-11F2620CE366}.Release|Any CPU.Build.0 = Release|Any CPU
		{C1B03371-BFF3-4DDB-8BD7-C47CC3949EBD}.Debug|Any CPU.ActiveCfg = Debug|Any CPU
		{C1B03371-BFF3-4DDB-8BD7-C47CC3949EBD}.Debug|Any CPU.Build.0 = Debug|Any CPU
		{C1B03371-BFF3-4DDB-8BD7-C47CC3949EBD}.Release|Any CPU.ActiveCfg = Release|Any CPU
		{C1B03371-BFF3-4DDB-8BD7-C47CC3949EBD}.Release|Any CPU.Build.0 = Release|Any CPU
	EndGlobalSection
	GlobalSection(SolutionProperties) = preSolution
		HideSolutionNode = FALSE
	EndGlobalSection
	GlobalSection(ExtensibilityGlobals) = postSolution
		SolutionGuid = {2C5F8168-7C51-40D5-9E52-52FA9C2429C6}
	EndGlobalSection
EndGlobal
