
Microsoft Visual Studio Solution File, Format Version 12.00
# Visual Studio Version 17
VisualStudioVersion = 17.11.35327.3
MinimumVisualStudioVersion = 10.0.40219.1
Project("{FAE04EC0-301F-11D3-BF4B-00C04F79EFBC}") = "SchoolSolution", "SchoolSolution.csproj", "{F7E96753-F2E9-4194-90A6-3B8EB127FDCE}"
EndProject
Global
	GlobalSection(SolutionConfigurationPlatforms) = preSolution
		Debug|Any CPU = Debug|Any CPU
		Release|Any CPU = Release|Any CPU
	EndGlobalSection
	GlobalSection(ProjectConfigurationPlatforms) = postSolution
		{F7E96753-F2E9-4194-90A6-3B8EB127FDCE}.Debug|Any CPU.ActiveCfg = Debug|Any CPU
		{F7E96753-F2E9-4194-90A6-3B8EB127FDCE}.Debug|Any CPU.Build.0 = Debug|Any CPU
		{F7E96753-F2E9-4194-90A6-3B8EB127FDCE}.Release|Any CPU.ActiveCfg = Release|Any CPU
		{F7E96753-F2E9-4194-90A6-3B8EB127FDCE}.Release|Any CPU.Build.0 = Release|Any CPU
	EndGlobalSection
	GlobalSection(SolutionProperties) = preSolution
		HideSolutionNode = FALSE
	EndGlobalSection
	GlobalSection(ExtensibilityGlobals) = postSolution
		SolutionGuid = {2C5F8168-7C51-40D5-9E52-52FA9C2429C6}
	EndGlobalSection
EndGlobal
